// !$*UTF8*$!
{
	archiveVersion = 1;
	classes = {
	};
	objectVersion = 50;
	objects = {

/* Begin PBXBuildFile section */
		8446979A266D012300BEAF50 /* Tests_iOS.swift in Sources */ = {isa = PBXBuildFile; fileRef = 84469799266D012300BEAF50 /* Tests_iOS.swift */; };
		844697A5266D012300BEAF50 /* Tests_macOS.swift in Sources */ = {isa = PBXBuildFile; fileRef = 844697A4266D012300BEAF50 /* Tests_macOS.swift */; };
		844697A7266D012300BEAF50 /* HelloApp.swift in Sources */ = {isa = PBXBuildFile; fileRef = 8446977E266D012200BEAF50 /* HelloApp.swift */; };
		844697A8266D012300BEAF50 /* HelloApp.swift in Sources */ = {isa = PBXBuildFile; fileRef = 8446977E266D012200BEAF50 /* HelloApp.swift */; };
		844697A9266D012300BEAF50 /* ContentView.swift in Sources */ = {isa = PBXBuildFile; fileRef = 8446977F266D012200BEAF50 /* ContentView.swift */; };
		844697AA266D012300BEAF50 /* ContentView.swift in Sources */ = {isa = PBXBuildFile; fileRef = 8446977F266D012200BEAF50 /* ContentView.swift */; };
		844697AB266D012300BEAF50 /* Assets.xcassets in Resources */ = {isa = PBXBuildFile; fileRef = 84469780266D012300BEAF50 /* Assets.xcassets */; };
		844697AC266D012300BEAF50 /* Assets.xcassets in Resources */ = {isa = PBXBuildFile; fileRef = 84469780266D012300BEAF50 /* Assets.xcassets */; };
/* End PBXBuildFile section */

/* Begin PBXContainerItemProxy section */
		84469796266D012300BEAF50 /* PBXContainerItemProxy */ = {
			isa = PBXContainerItemProxy;
			containerPortal = 84469779266D012200BEAF50 /* Project object */;
			proxyType = 1;
			remoteGlobalIDString = 84469784266D012300BEAF50;
			remoteInfo = "Hello (iOS)";
		};
		844697A1266D012300BEAF50 /* PBXContainerItemProxy */ = {
			isa = PBXContainerItemProxy;
			containerPortal = 84469779266D012200BEAF50 /* Project object */;
			proxyType = 1;
			remoteGlobalIDString = 8446978C266D012300BEAF50;
			remoteInfo = "Hello (macOS)";
		};
/* End PBXContainerItemProxy section */

/* Begin PBXFileReference section */
		8446977E266D012200BEAF50 /* HelloApp.swift */ = {isa = PBXFileReference; lastKnownFileType = sourcecode.swift; path = HelloApp.swift; sourceTree = "<group>"; };
		8446977F266D012200BEAF50 /* ContentView.swift */ = {isa = PBXFileReference; lastKnownFileType = sourcecode.swift; path = ContentView.swift; sourceTree = "<group>"; };
		84469780266D012300BEAF50 /* Assets.xcassets */ = {isa = PBXFileReference; lastKnownFileType = folder.assetcatalog; path = Assets.xcassets; sourceTree = "<group>"; };
		84469785266D012300BEAF50 /* Hello.app */ = {isa = PBXFileReference; explicitFileType = wrapper.application; includeInIndex = 0; path = Hello.app; sourceTree = BUILT_PRODUCTS_DIR; };
		84469788266D012300BEAF50 /* Info.plist */ = {isa = PBXFileReference; lastKnownFileType = text.plist.xml; path = Info.plist; sourceTree = "<group>"; };
		8446978D266D012300BEAF50 /* Hello.app */ = {isa = PBXFileReference; explicitFileType = wrapper.application; includeInIndex = 0; path = Hello.app; sourceTree = BUILT_PRODUCTS_DIR; };
		8446978F266D012300BEAF50 /* Info.plist */ = {isa = PBXFileReference; lastKnownFileType = text.plist.xml; path = Info.plist; sourceTree = "<group>"; };
		84469790266D012300BEAF50 /* macOS.entitlements */ = {isa = PBXFileReference; lastKnownFileType = text.plist.entitlements; path = macOS.entitlements; sourceTree = "<group>"; };
		84469795266D012300BEAF50 /* Tests iOS.xctest */ = {isa = PBXFileReference; explicitFileType = wrapper.cfbundle; includeInIndex = 0; path = "Tests iOS.xctest"; sourceTree = BUILT_PRODUCTS_DIR; };
		84469799266D012300BEAF50 /* Tests_iOS.swift */ = {isa = PBXFileReference; lastKnownFileType = sourcecode.swift; path = Tests_iOS.swift; sourceTree = "<group>"; };
		8446979B266D012300BEAF50 /* Info.plist */ = {isa = PBXFileReference; lastKnownFileType = text.plist.xml; path = Info.plist; sourceTree = "<group>"; };
		844697A0266D012300BEAF50 /* Tests macOS.xctest */ = {isa = PBXFileReference; explicitFileType = wrapper.cfbundle; includeInIndex = 0; path = "Tests macOS.xctest"; sourceTree = BUILT_PRODUCTS_DIR; };
		844697A4266D012300BEAF50 /* Tests_macOS.swift */ = {isa = PBXFileReference; lastKnownFileType = sourcecode.swift; path = Tests_macOS.swift; sourceTree = "<group>"; };
		844697A6266D012300BEAF50 /* Info.plist */ = {isa = PBXFileReference; lastKnownFileType = text.plist.xml; path = Info.plist; sourceTree = "<group>"; };
/* End PBXFileReference section */

/* Begin PBXFrameworksBuildPhase section */
		84469782266D012300BEAF50 /* Frameworks */ = {
			isa = PBXFrameworksBuildPhase;
			buildActionMask = 2147483647;
			files = (
			);
			runOnlyForDeploymentPostprocessing = 0;
		};
		8446978A266D012300BEAF50 /* Frameworks */ = {
			isa = PBXFrameworksBuildPhase;
			buildActionMask = 2147483647;
			files = (
			);
			runOnlyForDeploymentPostprocessing = 0;
		};
		84469792266D012300BEAF50 /* Frameworks */ = {
			isa = PBXFrameworksBuildPhase;
			buildActionMask = 2147483647;
			files = (
			);
			runOnlyForDeploymentPostprocessing = 0;
		};
		8446979D266D012300BEAF50 /* Frameworks */ = {
			isa = PBXFrameworksBuildPhase;
			buildActionMask = 2147483647;
			files = (
			);
			runOnlyForDeploymentPostprocessing = 0;
		};
/* End PBXFrameworksBuildPhase section */

/* Begin PBXGroup section */
		84469778266D012200BEAF50 = {
			isa = PBXGroup;
			children = (
				8446977D266D012200BEAF50 /* Shared */,
				84469787266D012300BEAF50 /* iOS */,
				8446978E266D012300BEAF50 /* macOS */,
				84469798266D012300BEAF50 /* Tests iOS */,
				844697A3266D012300BEAF50 /* Tests macOS */,
				84469786266D012300BEAF50 /* Products */,
			);
			sourceTree = "<group>";
		};
		8446977D266D012200BEAF50 /* Shared */ = {
			isa = PBXGroup;
			children = (
				8446977E266D012200BEAF50 /* HelloApp.swift */,
				8446977F266D012200BEAF50 /* ContentView.swift */,
				84469780266D012300BEAF50 /* Assets.xcassets */,
			);
			path = Shared;
			sourceTree = "<group>";
		};
		84469786266D012300BEAF50 /* Products */ = {
			isa = PBXGroup;
			children = (
				84469785266D012300BEAF50 /* Hello.app */,
				8446978D266D012300BEAF50 /* Hello.app */,
				84469795266D012300BEAF50 /* Tests iOS.xctest */,
				844697A0266D012300BEAF50 /* Tests macOS.xctest */,
			);
			name = Products;
			sourceTree = "<group>";
		};
		84469787266D012300BEAF50 /* iOS */ = {
			isa = PBXGroup;
			children = (
				84469788266D012300BEAF50 /* Info.plist */,
			);
			path = iOS;
			sourceTree = "<group>";
		};
		8446978E266D012300BEAF50 /* macOS */ = {
			isa = PBXGroup;
			children = (
				8446978F266D012300BEAF50 /* Info.plist */,
				84469790266D012300BEAF50 /* macOS.entitlements */,
			);
			path = macOS;
			sourceTree = "<group>";
		};
		84469798266D012300BEAF50 /* Tests iOS */ = {
			isa = PBXGroup;
			children = (
				84469799266D012300BEAF50 /* Tests_iOS.swift */,
				8446979B266D012300BEAF50 /* Info.plist */,
			);
			path = "Tests iOS";
			sourceTree = "<group>";
		};
		844697A3266D012300BEAF50 /* Tests macOS */ = {
			isa = PBXGroup;
			children = (
				844697A4266D012300BEAF50 /* Tests_macOS.swift */,
				844697A6266D012300BEAF50 /* Info.plist */,
			);
			path = "Tests macOS";
			sourceTree = "<group>";
		};
/* End PBXGroup section */

/* Begin PBXNativeTarget section */
		84469784266D012300BEAF50 /* Hello (iOS) */ = {
			isa = PBXNativeTarget;
			buildConfigurationList = 844697AF266D012300BEAF50 /* Build configuration list for PBXNativeTarget "Hello (iOS)" */;
			buildPhases = (
				84469781266D012300BEAF50 /* Sources */,
				84469782266D012300BEAF50 /* Frameworks */,
				84469783266D012300BEAF50 /* Resources */,
			);
			buildRules = (
			);
			dependencies = (
			);
			name = "Hello (iOS)";
			productName = "Hello (iOS)";
			productReference = 84469785266D012300BEAF50 /* Hello.app */;
			productType = "com.apple.product-type.application";
		};
		8446978C266D012300BEAF50 /* Hello (macOS) */ = {
			isa = PBXNativeTarget;
			buildConfigurationList = 844697B2266D012300BEAF50 /* Build configuration list for PBXNativeTarget "Hello (macOS)" */;
			buildPhases = (
				84469789266D012300BEAF50 /* Sources */,
				8446978A266D012300BEAF50 /* Frameworks */,
				8446978B266D012300BEAF50 /* Resources */,
			);
			buildRules = (
			);
			dependencies = (
			);
			name = "Hello (macOS)";
			productName = "Hello (macOS)";
			productReference = 8446978D266D012300BEAF50 /* Hello.app */;
			productType = "com.apple.product-type.application";
		};
		84469794266D012300BEAF50 /* Tests iOS */ = {
			isa = PBXNativeTarget;
			buildConfigurationList = 844697B5266D012300BEAF50 /* Build configuration list for PBXNativeTarget "Tests iOS" */;
			buildPhases = (
				84469791266D012300BEAF50 /* Sources */,
				84469792266D012300BEAF50 /* Frameworks */,
				84469793266D012300BEAF50 /* Resources */,
			);
			buildRules = (
			);
			dependencies = (
				84469797266D012300BEAF50 /* PBXTargetDependency */,
			);
			name = "Tests iOS";
			productName = "Tests iOS";
			productReference = 84469795266D012300BEAF50 /* Tests iOS.xctest */;
			productType = "com.apple.product-type.bundle.ui-testing";
		};
		8446979F266D012300BEAF50 /* Tests macOS */ = {
			isa = PBXNativeTarget;
			buildConfigurationList = 844697B8266D012300BEAF50 /* Build configuration list for PBXNativeTarget "Tests macOS" */;
			buildPhases = (
				8446979C266D012300BEAF50 /* Sources */,
				8446979D266D012300BEAF50 /* Frameworks */,
				8446979E266D012300BEAF50 /* Resources */,
			);
			buildRules = (
			);
			dependencies = (
				844697A2266D012300BEAF50 /* PBXTargetDependency */,
			);
			name = "Tests macOS";
			productName = "Tests macOS";
			productReference = 844697A0266D012300BEAF50 /* Tests macOS.xctest */;
			productType = "com.apple.product-type.bundle.ui-testing";
		};
/* End PBXNativeTarget section */

/* Begin PBXProject section */
		84469779266D012200BEAF50 /* Project object */ = {
			isa = PBXProject;
			attributes = {
				LastSwiftUpdateCheck = 1250;
				LastUpgradeCheck = 1250;
				TargetAttributes = {
					84469784266D012300BEAF50 = {
						CreatedOnToolsVersion = 12.5;
					};
					8446978C266D012300BEAF50 = {
						CreatedOnToolsVersion = 12.5;
					};
					84469794266D012300BEAF50 = {
						CreatedOnToolsVersion = 12.5;
						TestTargetID = 84469784266D012300BEAF50;
					};
					8446979F266D012300BEAF50 = {
						CreatedOnToolsVersion = 12.5;
						TestTargetID = 8446978C266D012300BEAF50;
					};
				};
			};
			buildConfigurationList = 8446977C266D012200BEAF50 /* Build configuration list for PBXProject "Hello" */;
			compatibilityVersion = "Xcode 9.3";
			developmentRegion = en;
			hasScannedForEncodings = 0;
			knownRegions = (
				en,
				Base,
			);
			mainGroup = 84469778266D012200BEAF50;
			productRefGroup = 84469786266D012300BEAF50 /* Products */;
			projectDirPath = "";
			projectRoot = "";
			targets = (
				84469784266D012300BEAF50 /* Hello (iOS) */,
				8446978C266D012300BEAF50 /* Hello (macOS) */,
				84469794266D012300BEAF50 /* Tests iOS */,
				8446979F266D012300BEAF50 /* Tests macOS */,
			);
		};
/* End PBXProject section */

/* Begin PBXResourcesBuildPhase section */
		84469783266D012300BEAF50 /* Resources */ = {
			isa = PBXResourcesBuildPhase;
			buildActionMask = 2147483647;
			files = (
				844697AB266D012300BEAF50 /* Assets.xcassets in Resources */,
			);
			runOnlyForDeploymentPostprocessing = 0;
		};
		8446978B266D012300BEAF50 /* Resources */ = {
			isa = PBXResourcesBuildPhase;
			buildActionMask = 2147483647;
			files = (
				844697AC266D012300BEAF50 /* Assets.xcassets in Resources */,
			);
			runOnlyForDeploymentPostprocessing = 0;
		};
		84469793266D012300BEAF50 /* Resources */ = {
			isa = PBXResourcesBuildPhase;
			buildActionMask = 2147483647;
			files = (
			);
			runOnlyForDeploymentPostprocessing = 0;
		};
		8446979E266D012300BEAF50 /* Resources */ = {
			isa = PBXResourcesBuildPhase;
			buildActionMask = 2147483647;
			files = (
			);
			runOnlyForDeploymentPostprocessing = 0;
		};
/* End PBXResourcesBuildPhase section */

/* Begin PBXSourcesBuildPhase section */
		84469781266D012300BEAF50 /* Sources */ = {
			isa = PBXSourcesBuildPhase;
			buildActionMask = 2147483647;
			files = (
				844697A9266D012300BEAF50 /* ContentView.swift in Sources */,
				844697A7266D012300BEAF50 /* HelloApp.swift in Sources */,
			);
			runOnlyForDeploymentPostprocessing = 0;
		};
		84469789266D012300BEAF50 /* Sources */ = {
			isa = PBXSourcesBuildPhase;
			buildActionMask = 2147483647;
			files = (
				844697AA266D012300BEAF50 /* ContentView.swift in Sources */,
				844697A8266D012300BEAF50 /* HelloApp.swift in Sources */,
			);
			runOnlyForDeploymentPostprocessing = 0;
		};
		84469791266D012300BEAF50 /* Sources */ = {
			isa = PBXSourcesBuildPhase;
			buildActionMask = 2147483647;
			files = (
				8446979A266D012300BEAF50 /* Tests_iOS.swift in Sources */,
			);
			runOnlyForDeploymentPostprocessing = 0;
		};
		8446979C266D012300BEAF50 /* Sources */ = {
			isa = PBXSourcesBuildPhase;
			buildActionMask = 2147483647;
			files = (
				844697A5266D012300BEAF50 /* Tests_macOS.swift in Sources */,
			);
			runOnlyForDeploymentPostprocessing = 0;
		};
/* End PBXSourcesBuildPhase section */

/* Begin PBXTargetDependency section */
		84469797266D012300BEAF50 /* PBXTargetDependency */ = {
			isa = PBXTargetDependency;
			target = 84469784266D012300BEAF50 /* Hello (iOS) */;
			targetProxy = 84469796266D012300BEAF50 /* PBXContainerItemProxy */;
		};
		844697A2266D012300BEAF50 /* PBXTargetDependency */ = {
			isa = PBXTargetDependency;
			target = 8446978C266D012300BEAF50 /* Hello (macOS) */;
			targetProxy = 844697A1266D012300BEAF50 /* PBXContainerItemProxy */;
		};
/* End PBXTargetDependency section */

/* Begin XCBuildConfiguration section */
		844697AD266D012300BEAF50 /* Debug */ = {
			isa = XCBuildConfiguration;
			buildSettings = {
				ALWAYS_SEARCH_USER_PATHS = NO;
				CLANG_ANALYZER_NONNULL = YES;
				CLANG_ANALYZER_NUMBER_OBJECT_CONVERSION = YES_AGGRESSIVE;
				CLANG_CXX_LANGUAGE_STANDARD = "gnu++14";
				CLANG_CXX_LIBRARY = "libc++";
				CLANG_ENABLE_MODULES = YES;
				CLANG_ENABLE_OBJC_ARC = YES;
				CLANG_ENABLE_OBJC_WEAK = YES;
				CLANG_WARN_BLOCK_CAPTURE_AUTORELEASING = YES;
				CLANG_WARN_BOOL_CONVERSION = YES;
				CLANG_WARN_COMMA = YES;
				CLANG_WARN_CONSTANT_CONVERSION = YES;
				CLANG_WARN_DEPRECATED_OBJC_IMPLEMENTATIONS = YES;
				CLANG_WARN_DIRECT_OBJC_ISA_USAGE = YES_ERROR;
				CLANG_WARN_DOCUMENTATION_COMMENTS = YES;
				CLANG_WARN_EMPTY_BODY = YES;
				CLANG_WARN_ENUM_CONVERSION = YES;
				CLANG_WARN_INFINITE_RECURSION = YES;
				CLANG_WARN_INT_CONVERSION = YES;
				CLANG_WARN_NON_LITERAL_NULL_CONVERSION = YES;
				CLANG_WARN_OBJC_IMPLICIT_RETAIN_SELF = YES;
				CLANG_WARN_OBJC_LITERAL_CONVERSION = YES;
				CLANG_WARN_OBJC_ROOT_CLASS = YES_ERROR;
				CLANG_WARN_QUOTED_INCLUDE_IN_FRAMEWORK_HEADER = YES;
				CLANG_WARN_RANGE_LOOP_ANALYSIS = YES;
				CLANG_WARN_STRICT_PROTOTYPES = YES;
				CLANG_WARN_SUSPICIOUS_MOVE = YES;
				CLANG_WARN_UNGUARDED_AVAILABILITY = YES_AGGRESSIVE;
				CLANG_WARN_UNREACHABLE_CODE = YES;
				CLANG_WARN__DUPLICATE_METHOD_MATCH = YES;
				COPY_PHASE_STRIP = NO;
				DEBUG_INFORMATION_FORMAT = dwarf;
				ENABLE_STRICT_OBJC_MSGSEND = YES;
				ENABLE_TESTABILITY = YES;
				GCC_C_LANGUAGE_STANDARD = gnu11;
				GCC_DYNAMIC_NO_PIC = NO;
				GCC_NO_COMMON_BLOCKS = YES;
				GCC_OPTIMIZATION_LEVEL = 0;
				GCC_PREPROCESSOR_DEFINITIONS = (
					"DEBUG=1",
					"$(inherited)",
				);
				GCC_WARN_64_TO_32_BIT_CONVERSION = YES;
				GCC_WARN_ABOUT_RETURN_TYPE = YES_ERROR;
				GCC_WARN_UNDECLARED_SELECTOR = YES;
				GCC_WARN_UNINITIALIZED_AUTOS = YES_AGGRESSIVE;
				GCC_WARN_UNUSED_FUNCTION = YES;
				GCC_WARN_UNUSED_VARIABLE = YES;
				MTL_ENABLE_DEBUG_INFO = INCLUDE_SOURCE;
				MTL_FAST_MATH = YES;
				ONLY_ACTIVE_ARCH = YES;
				SWIFT_ACTIVE_COMPILATION_CONDITIONS = DEBUG;
				SWIFT_OPTIMIZATION_LEVEL = "-Onone";
			};
			name = Debug;
		};
		844697AE266D012300BEAF50 /* Release */ = {
			isa = XCBuildConfiguration;
			buildSettings = {
				ALWAYS_SEARCH_USER_PATHS = NO;
				CLANG_ANALYZER_NONNULL = YES;
				CLANG_ANALYZER_NUMBER_OBJECT_CONVERSION = YES_AGGRESSIVE;
				CLANG_CXX_LANGUAGE_STANDARD = "gnu++14";
				CLANG_CXX_LIBRARY = "libc++";
				CLANG_ENABLE_MODULES = YES;
				CLANG_ENABLE_OBJC_ARC = YES;
				CLANG_ENABLE_OBJC_WEAK = YES;
				CLANG_WARN_BLOCK_CAPTURE_AUTORELEASING = YES;
				CLANG_WARN_BOOL_CONVERSION = YES;
				CLANG_WARN_COMMA = YES;
				CLANG_WARN_CONSTANT_CONVERSION = YES;
				CLANG_WARN_DEPRECATED_OBJC_IMPLEMENTATIONS = YES;
				CLANG_WARN_DIRECT_OBJC_ISA_USAGE = YES_ERROR;
				CLANG_WARN_DOCUMENTATION_COMMENTS = YES;
				CLANG_WARN_EMPTY_BODY = YES;
				CLANG_WARN_ENUM_CONVERSION = YES;
				CLANG_WARN_INFINITE_RECURSION = YES;
				CLANG_WARN_INT_CONVERSION = YES;
				CLANG_WARN_NON_LITERAL_NULL_CONVERSION = YES;
				CLANG_WARN_OBJC_IMPLICIT_RETAIN_SELF = YES;
				CLANG_WARN_OBJC_LITERAL_CONVERSION = YES;
				CLANG_WARN_OBJC_ROOT_CLASS = YES_ERROR;
				CLANG_WARN_QUOTED_INCLUDE_IN_FRAMEWORK_HEADER = YES;
				CLANG_WARN_RANGE_LOOP_ANALYSIS = YES;
				CLANG_WARN_STRICT_PROTOTYPES = YES;
				CLANG_WARN_SUSPICIOUS_MOVE = YES;
				CLANG_WARN_UNGUARDED_AVAILABILITY = YES_AGGRESSIVE;
				CLANG_WARN_UNREACHABLE_CODE = YES;
				CLANG_WARN__DUPLICATE_METHOD_MATCH = YES;
				COPY_PHASE_STRIP = NO;
				DEBUG_INFORMATION_FORMAT = "dwarf-with-dsym";
				ENABLE_NS_ASSERTIONS = NO;
				ENABLE_STRICT_OBJC_MSGSEND = YES;
				GCC_C_LANGUAGE_STANDARD = gnu11;
				GCC_NO_COMMON_BLOCKS = YES;
				GCC_WARN_64_TO_32_BIT_CONVERSION = YES;
				GCC_WARN_ABOUT_RETURN_TYPE = YES_ERROR;
				GCC_WARN_UNDECLARED_SELECTOR = YES;
				GCC_WARN_UNINITIALIZED_AUTOS = YES_AGGRESSIVE;
				GCC_WARN_UNUSED_FUNCTION = YES;
				GCC_WARN_UNUSED_VARIABLE = YES;
				MTL_ENABLE_DEBUG_INFO = NO;
				MTL_FAST_MATH = YES;
				SWIFT_COMPILATION_MODE = wholemodule;
				SWIFT_OPTIMIZATION_LEVEL = "-O";
			};
			name = Release;
		};
		844697B0266D012300BEAF50 /* Debug */ = {
			isa = XCBuildConfiguration;
			buildSettings = {
				ASSETCATALOG_COMPILER_APPICON_NAME = AppIcon;
				ASSETCATALOG_COMPILER_GLOBAL_ACCENT_COLOR_NAME = AccentColor;
				CODE_SIGN_STYLE = Automatic;
				DEVELOPMENT_TEAM = KQVRGK2M9Y;
				ENABLE_PREVIEWS = YES;
				INFOPLIST_FILE = iOS/Info.plist;
				IPHONEOS_DEPLOYMENT_TARGET = 14.0;
				LD_RUNPATH_SEARCH_PATHS = (
					"$(inherited)",
					"@executable_path/Frameworks",
				);
				PRODUCT_BUNDLE_IDENTIFIER = swiftmo.gitbook.io.Hello;
				PRODUCT_NAME = Hello;
				SDKROOT = iphoneos;
				SWIFT_VERSION = 5.0;
				TARGETED_DEVICE_FAMILY = "1,2";
			};
			name = Debug;
		};
		844697B1266D012300BEAF50 /* Release */ = {
			isa = XCBuildConfiguration;
			buildSettings = {
				ASSETCATALOG_COMPILER_APPICON_NAME = AppIcon;
				ASSETCATALOG_COMPILER_GLOBAL_ACCENT_COLOR_NAME = AccentColor;
				CODE_SIGN_STYLE = Automatic;
				DEVELOPMENT_TEAM = KQVRGK2M9Y;
				ENABLE_PREVIEWS = YES;
				INFOPLIST_FILE = iOS/Info.plist;
				IPHONEOS_DEPLOYMENT_TARGET = 14.0;
				LD_RUNPATH_SEARCH_PATHS = (
					"$(inherited)",
					"@executable_path/Frameworks",
				);
				PRODUCT_BUNDLE_IDENTIFIER = swiftmo.gitbook.io.Hello;
				PRODUCT_NAME = Hello;
				SDKROOT = iphoneos;
				SWIFT_VERSION = 5.0;
				TARGETED_DEVICE_FAMILY = "1,2";
				VALIDATE_PRODUCT = YES;
			};
			name = Release;
		};
		844697B3266D012300BEAF50 /* Debug */ = {
			isa = XCBuildConfiguration;
			buildSettings = {
				ASSETCATALOG_COMPILER_APPICON_NAME = AppIcon;
				ASSETCATALOG_COMPILER_GLOBAL_ACCENT_COLOR_NAME = AccentColor;
				CODE_SIGN_ENTITLEMENTS = macOS/macOS.entitlements;
				CODE_SIGN_STYLE = Automatic;
				COMBINE_HIDPI_IMAGES = YES;
				DEVELOPMENT_TEAM = KQVRGK2M9Y;
				ENABLE_HARDENED_RUNTIME = YES;
				ENABLE_PREVIEWS = YES;
				INFOPLIST_FILE = macOS/Info.plist;
				LD_RUNPATH_SEARCH_PATHS = (
					"$(inherited)",
					"@executable_path/../Frameworks",
				);
				MACOSX_DEPLOYMENT_TARGET = 11.0;
				PRODUCT_BUNDLE_IDENTIFIER = swiftmo.gitbook.io.Hello;
				PRODUCT_NAME = Hello;
				SDKROOT = macosx;
				SWIFT_VERSION = 5.0;
			};
			name = Debug;
		};
		844697B4266D012300BEAF50 /* Release */ = {
			isa = XCBuildConfiguration;
			buildSettings = {
				ASSETCATALOG_COMPILER_APPICON_NAME = AppIcon;
				ASSETCATALOG_COMPILER_GLOBAL_ACCENT_COLOR_NAME = AccentColor;
				CODE_SIGN_ENTITLEMENTS = macOS/macOS.entitlements;
				CODE_SIGN_STYLE = Automatic;
				COMBINE_HIDPI_IMAGES = YES;
				DEVELOPMENT_TEAM = KQVRGK2M9Y;
				ENABLE_HARDENED_RUNTIME = YES;
				ENABLE_PREVIEWS = YES;
				INFOPLIST_FILE = macOS/Info.plist;
				LD_RUNPATH_SEARCH_PATHS = (
					"$(inherited)",
					"@executable_path/../Frameworks",
				);
				MACOSX_DEPLOYMENT_TARGET = 11.0;
				PRODUCT_BUNDLE_IDENTIFIER = swiftmo.gitbook.io.Hello;
				PRODUCT_NAME = Hello;
				SDKROOT = macosx;
				SWIFT_VERSION = 5.0;
			};
			name = Release;
		};
		844697B6266D012300BEAF50 /* Debug */ = {
			isa = XCBuildConfiguration;
			buildSettings = {
				ALWAYS_EMBED_SWIFT_STANDARD_LIBRARIES = YES;
				CODE_SIGN_STYLE = Automatic;
				DEVELOPMENT_TEAM = KQVRGK2M9Y;
				INFOPLIST_FILE = "Tests iOS/Info.plist";
				IPHONEOS_DEPLOYMENT_TARGET = 14.5;
				LD_RUNPATH_SEARCH_PATHS = (
					"$(inherited)",
					"@executable_path/Frameworks",
					"@loader_path/Frameworks",
				);
				PRODUCT_BUNDLE_IDENTIFIER = "swiftmo.gitbook.io.Tests-iOS";
				PRODUCT_NAME = "$(TARGET_NAME)";
				SDKROOT = iphoneos;
				SWIFT_VERSION = 5.0;
				TARGETED_DEVICE_FAMILY = "1,2";
				TEST_TARGET_NAME = "Hello (iOS)";
			};
			name = Debug;
		};
		844697B7266D012300BEAF50 /* Release */ = {
			isa = XCBuildConfiguration;
			buildSettings = {
				ALWAYS_EMBED_SWIFT_STANDARD_LIBRARIES = YES;
				CODE_SIGN_STYLE = Automatic;
				DEVELOPMENT_TEAM = KQVRGK2M9Y;
				INFOPLIST_FILE = "Tests iOS/Info.plist";
				IPHONEOS_DEPLOYMENT_TARGET = 14.5;
				LD_RUNPATH_SEARCH_PATHS = (
					"$(inherited)",
					"@executable_path/Frameworks",
					"@loader_path/Frameworks",
				);
				PRODUCT_BUNDLE_IDENTIFIER = "swiftmo.gitbook.io.Tests-iOS";
				PRODUCT_NAME = "$(TARGET_NAME)";
				SDKROOT = iphoneos;
				SWIFT_VERSION = 5.0;
				TARGETED_DEVICE_FAMILY = "1,2";
				TEST_TARGET_NAME = "Hello (iOS)";
				VALIDATE_PRODUCT = YES;
			};
			name = Release;
		};
		844697B9266D012300BEAF50 /* Debug */ = {
			isa = XCBuildConfiguration;
			buildSettings = {
				ALWAYS_EMBED_SWIFT_STANDARD_LIBRARIES = YES;
				CODE_SIGN_STYLE = Automatic;
				COMBINE_HIDPI_IMAGES = YES;
				DEVELOPMENT_TEAM = KQVRGK2M9Y;
				INFOPLIST_FILE = "Tests macOS/Info.plist";
				LD_RUNPATH_SEARCH_PATHS = (
					"$(inherited)",
					"@executable_path/../Frameworks",
					"@loader_path/../Frameworks",
				);
				MACOSX_DEPLOYMENT_TARGET = 11.3;
				PRODUCT_BUNDLE_IDENTIFIER = "swiftmo.gitbook.io.Tests-macOS";
				PRODUCT_NAME = "$(TARGET_NAME)";
				SDKROOT = macosx;
				SWIFT_VERSION = 5.0;
				TEST_TARGET_NAME = "Hello (macOS)";
			};
			name = Debug;
		};
		844697BA266D012300BEAF50 /* Release */ = {
			isa = XCBuildConfiguration;
			buildSettings = {
				ALWAYS_EMBED_SWIFT_STANDARD_LIBRARIES = YES;
				CODE_SIGN_STYLE = Automatic;
				COMBINE_HIDPI_IMAGES = YES;
				DEVELOPMENT_TEAM = KQVRGK2M9Y;
				INFOPLIST_FILE = "Tests macOS/Info.plist";
				LD_RUNPATH_SEARCH_PATHS = (
					"$(inherited)",
					"@executable_path/../Frameworks",
					"@loader_path/../Frameworks",
				);
				MACOSX_DEPLOYMENT_TARGET = 11.3;
				PRODUCT_BUNDLE_IDENTIFIER = "swiftmo.gitbook.io.Tests-macOS";
				PRODUCT_NAME = "$(TARGET_NAME)";
				SDKROOT = macosx;
				SWIFT_VERSION = 5.0;
				TEST_TARGET_NAME = "Hello (macOS)";
			};
			name = Release;
		};
/* End XCBuildConfiguration section */

/* Begin XCConfigurationList section */
		8446977C266D012200BEAF50 /* Build configuration list for PBXProject "Hello" */ = {
			isa = XCConfigurationList;
			buildConfigurations = (
				844697AD266D012300BEAF50 /* Debug */,
				844697AE266D012300BEAF50 /* Release */,
			);
			defaultConfigurationIsVisible = 0;
			defaultConfigurationName = Release;
		};
		844697AF266D012300BEAF50 /* Build configuration list for PBXNativeTarget "Hello (iOS)" */ = {
			isa = XCConfigurationList;
			buildConfigurations = (
				844697B0266D012300BEAF50 /* Debug */,
				844697B1266D012300BEAF50 /* Release */,
			);
			defaultConfigurationIsVisible = 0;
			defaultConfigurationName = Release;
		};
		844697B2266D012300BEAF50 /* Build configuration list for PBXNativeTarget "Hello (macOS)" */ = {
			isa = XCConfigurationList;
			buildConfigurations = (
				844697B3266D012300BEAF50 /* Debug */,
				844697B4266D012300BEAF50 /* Release */,
			);
			defaultConfigurationIsVisible = 0;
			defaultConfigurationName = Release;
		};
		844697B5266D012300BEAF50 /* Build configuration list for PBXNativeTarget "Tests iOS" */ = {
			isa = XCConfigurationList;
			buildConfigurations = (
				844697B6266D012300BEAF50 /* Debug */,
				844697B7266D012300BEAF50 /* Release */,
			);
			defaultConfigurationIsVisible = 0;
			defaultConfigurationName = Release;
		};
		844697B8266D012300BEAF50 /* Build configuration list for PBXNativeTarget "Tests macOS" */ = {
			isa = XCConfigurationList;
			buildConfigurations = (
				844697B9266D012300BEAF50 /* Debug */,
				844697BA266D012300BEAF50 /* Release */,
			);
			defaultConfigurationIsVisible = 0;
			defaultConfigurationName = Release;
		};
/* End XCConfigurationList section */
	};
	rootObject = 84469779266D012200BEAF50 /* Project object */;
}
